
Microsoft Visual Studio Solution File, Format Version 12.00
# Visual Studio Version 17
VisualStudioVersion = 17.11.35312.102
MinimumVisualStudioVersion = 10.0.40219.1
Project("{9A19103F-16F7-4668-BE54-9A1E7A4F7556}") = "MVCWebApp_View", "..\..\..\Downloads\a\WEB-20251029T025057Z-1-001\WEB\MVCWebApp_view\MVCWebApp_View.csproj", "{219490E3-1459-40B5-9B2D-6F6B26A5A3E3}"
EndProject
Project("{9A19103F-16F7-4668-BE54-9A1E7A4F7556}") = "MVCWebApp_CRUD", "..\..\..\Downloads\a\WEB-20251029T025057Z-1-001\WEB\MVCWebApp_CRUD\MVCWebApp_CRUD.csproj", "{AF417D2B-87F9-4C07-BD5F-77F22243F5A0}"
EndProject
Project("{9A19103F-16F7-4668-BE54-9A1E7A4F7556}") = "MVCWebApp_CRUD_session", "..\..\..\Downloads\a\WEB-20251029T025057Z-1-001\WEB\MVCWebApp_CRUD_Session\MVCWebApp_CRUD_session.csproj", "{B7795221-0EF8-4F5B-B1E1-9696CF30212A}"
EndProject
Project("{9A19103F-16F7-4668-BE54-9A1E7A4F7556}") = "MVCWebApp_RazorPages", "..\..\..\Downloads\a\WEB-20251029T025057Z-1-001\WEB\MVCWebApp_RazorPages\MVCWebApp_RazorPages\MVCWebApp_RazorPages.csproj", "{156EA357-282B-4FE5-9220-197A331B0E93}"
EndProject
Global
	GlobalSection(SolutionConfigurationPlatforms) = preSolution
		Debug|Any CPU = Debug|Any CPU
		Release|Any CPU = Release|Any CPU
	EndGlobalSection
	GlobalSection(ProjectConfigurationPlatforms) = postSolution
		{219490E3-1459-40B5-9B2D-6F6B26A5A3E3}.Debug|Any CPU.ActiveCfg = Debug|Any CPU
		{219490E3-1459-40B5-9B2D-6F6B26A5A3E3}.Debug|Any CPU.Build.0 = Debug|Any CPU
		{219490E3-1459-40B5-9B2D-6F6B26A5A3E3}.Release|Any CPU.ActiveCfg = Release|Any CPU
		{219490E3-1459-40B5-9B2D-6F6B26A5A3E3}.Release|Any CPU.Build.0 = Release|Any CPU
		{AF417D2B-87F9-4C07-BD5F-77F22243F5A0}.Debug|Any CPU.ActiveCfg = Debug|Any CPU
		{AF417D2B-87F9-4C07-BD5F-77F22243F5A0}.Debug|Any CPU.Build.0 = Debug|Any CPU
		{AF417D2B-87F9-4C07-BD5F-77F22243F5A0}.Release|Any CPU.ActiveCfg = Release|Any CPU
		{AF417D2B-87F9-4C07-BD5F-77F22243F5A0}.Release|Any CPU.Build.0 = Release|Any CPU
		{B7795221-0EF8-4F5B-B1E1-9696CF30212A}.Debug|Any CPU.ActiveCfg = Debug|Any CPU
		{B7795221-0EF8-4F5B-B1E1-9696CF30212A}.Debug|Any CPU.Build.0 = Debug|Any CPU
		{B7795221-0EF8-4F5B-B1E1-9696CF30212A}.Release|Any CPU.ActiveCfg = Release|Any CPU
		{B7795221-0EF8-4F5B-B1E1-9696CF30212A}.Release|Any CPU.Build.0 = Release|Any CPU
		{156EA357-282B-4FE5-9220-197A331B0E93}.Debug|Any CPU.ActiveCfg = Debug|Any CPU
		{156EA357-282B-4FE5-9220-197A331B0E93}.Debug|Any CPU.Build.0 = Debug|Any CPU
		{156EA357-282B-4FE5-9220-197A331B0E93}.Release|Any CPU.ActiveCfg = Release|Any CPU
		{156EA357-282B-4FE5-9220-197A331B0E93}.Release|Any CPU.Build.0 = Release|Any CPU
	EndGlobalSection
	GlobalSection(SolutionProperties) = preSolution
		HideSolutionNode = FALSE
	EndGlobalSection
	GlobalSection(ExtensibilityGlobals) = postSolution
		SolutionGuid = {82C85838-50A3-4C87-9061-0AB9A326909D}
	EndGlobalSection
EndGlobal
