
Microsoft Visual Studio Solution File, Format Version 12.00
# Visual Studio Version 17
VisualStudioVersion = 17.14.35906.104 d17.14
MinimumVisualStudioVersion = 10.0.40219.1
Project("{FAE04EC0-301F-11D3-BF4B-00C04F79EFBC}") = "MVCWebApp_CRUD", "MVCWebApp_CRUD.csproj", "{E1F51382-A5FA-7D25-BF0D-AC7F503BC9E7}"
EndProject
Global
	GlobalSection(SolutionConfigurationPlatforms) = preSolution
		Debug|Any CPU = Debug|Any CPU
		Release|Any CPU = Release|Any CPU
	EndGlobalSection
	GlobalSection(ProjectConfigurationPlatforms) = postSolution
		{E1F51382-A5FA-7D25-BF0D-AC7F503BC9E7}.Debug|Any CPU.ActiveCfg = Debug|Any CPU
		{E1F51382-A5FA-7D25-BF0D-AC7F503BC9E7}.Debug|Any CPU.Build.0 = Debug|Any CPU
		{E1F51382-A5FA-7D25-BF0D-AC7F503BC9E7}.Release|Any CPU.ActiveCfg = Release|Any CPU
		{E1F51382-A5FA-7D25-BF0D-AC7F503BC9E7}.Release|Any CPU.Build.0 = Release|Any CPU
	EndGlobalSection
	GlobalSection(SolutionProperties) = preSolution
		HideSolutionNode = FALSE
	EndGlobalSection
	GlobalSection(ExtensibilityGlobals) = postSolution
		SolutionGuid = {A07EB8DF-6336-4408-8661-1C036729CCF7}
	EndGlobalSection
EndGlobal
